// !$*UTF8*$!
{
	archiveVersion = 1;
	classes = {
	};
	objectVersion = 56;
	objects = {

/* Begin PBXBuildFile section */
		16A0AD5229180644007B158E /* forte.wav in Resources */ = {isa = PBXBuildFile; fileRef = 16A0AD5129180644007B158E /* forte.wav */; };
		16A0AD542918064B007B158E /* lento.wav in Resources */ = {isa = PBXBuildFile; fileRef = 16A0AD532918064A007B158E /* lento.wav */; };
		16A0AD5629180652007B158E /* pop-39222.mp3 in Resources */ = {isa = PBXBuildFile; fileRef = 16A0AD5529180652007B158E /* pop-39222.mp3 */; };
		16A0AD582918065C007B158E /* finePartita.mp3 in Resources */ = {isa = PBXBuildFile; fileRef = 16A0AD572918065C007B158E /* finePartita.mp3 */; };
		16A0AD5A29180664007B158E /* mioturno.mp3 in Resources */ = {isa = PBXBuildFile; fileRef = 16A0AD5929180664007B158E /* mioturno.mp3 */; };
		16A0AD5C2918066F007B158E /* pop-94319.mp3 in Resources */ = {isa = PBXBuildFile; fileRef = 16A0AD5B2918066F007B158E /* pop-94319.mp3 */; };
		16A0AD5E29180676007B158E /* lose.mp3 in Resources */ = {isa = PBXBuildFile; fileRef = 16A0AD5D29180676007B158E /* lose.mp3 */; };
		68B3672229A8F69400E3A087 /* Virtual_Pong_WatchOSApp.swift in Sources */ = {isa = PBXBuildFile; fileRef = 68B3672129A8F69400E3A087 /* Virtual_Pong_WatchOSApp.swift */; };
		68B3672629A8F69500E3A087 /* Assets.xcassets in Resources */ = {isa = PBXBuildFile; fileRef = 68B3672529A8F69500E3A087 /* Assets.xcassets */; };
		68B3672929A8F69500E3A087 /* Preview Assets.xcassets in Resources */ = {isa = PBXBuildFile; fileRef = 68B3672829A8F69500E3A087 /* Preview Assets.xcassets */; };
		68B3672E29A8FC7F00E3A087 /* UserConnectivityPong.swift in Sources */ = {isa = PBXBuildFile; fileRef = 68B3672D29A8FC7F00E3A087 /* UserConnectivityPong.swift */; };
		68B3673529A9108F00E3A087 /* ContentView.swift in Sources */ = {isa = PBXBuildFile; fileRef = 68B3672329A8F69400E3A087 /* ContentView.swift */; };
		68B3673729A9152500E3A087 /* UserConnectivityPong.swift in Sources */ = {isa = PBXBuildFile; fileRef = 68B3672D29A8FC7F00E3A087 /* UserConnectivityPong.swift */; };
		8B3DEE5329B0DBD800FB4799 /* VibrationView.swift in Sources */ = {isa = PBXBuildFile; fileRef = 8B3DEE5029B0DBD800FB4799 /* VibrationView.swift */; };
		8B3DEE5629B0E06200FB4799 /* RilevamentoColpo.swift in Sources */ = {isa = PBXBuildFile; fileRef = 8B3DEE5529B0E06200FB4799 /* RilevamentoColpo.swift */; };
		8B3DEE5E29B0F2DF00FB4799 /* Virtual_Ping_PongApp.swift in Sources */ = {isa = PBXBuildFile; fileRef = 8B3DEE5729B0F2DF00FB4799 /* Virtual_Ping_PongApp.swift */; };
		8B3DEE5F29B0F2DF00FB4799 /* MatchView.swift in Sources */ = {isa = PBXBuildFile; fileRef = 8B3DEE5829B0F2DF00FB4799 /* MatchView.swift */; };
		8B3DEE6029B0F2DF00FB4799 /* TrainingView.swift in Sources */ = {isa = PBXBuildFile; fileRef = 8B3DEE5929B0F2DF00FB4799 /* TrainingView.swift */; };
		8B3DEE6129B0F2DF00FB4799 /* DeviceView.swift in Sources */ = {isa = PBXBuildFile; fileRef = 8B3DEE5A29B0F2DF00FB4799 /* DeviceView.swift */; };
		8B3DEE6229B0F2DF00FB4799 /* ConnectView.swift in Sources */ = {isa = PBXBuildFile; fileRef = 8B3DEE5B29B0F2DF00FB4799 /* ConnectView.swift */; };
		8B3DEE6329B0F2DF00FB4799 /* Buttons.swift in Sources */ = {isa = PBXBuildFile; fileRef = 8B3DEE5C29B0F2DF00FB4799 /* Buttons.swift */; };
		8B3DEE6429B0F2DF00FB4799 /* ContentView.swift in Sources */ = {isa = PBXBuildFile; fileRef = 8B3DEE5D29B0F2DF00FB4799 /* ContentView.swift */; };
		8B6422372909C81300D3EB2B /* Assets.xcassets in Resources */ = {isa = PBXBuildFile; fileRef = 8B6422362909C81300D3EB2B /* Assets.xcassets */; };
		8B64223A2909C81300D3EB2B /* Preview Assets.xcassets in Resources */ = {isa = PBXBuildFile; fileRef = 8B6422392909C81300D3EB2B /* Preview Assets.xcassets */; };
		8B6A3F8229AF8BF40015F411 /* Virtual_Pong_WatchOS Watch App.app in Embed Watch Content */ = {isa = PBXBuildFile; fileRef = 68B3671F29A8F69400E3A087 /* Virtual_Pong_WatchOS Watch App.app */; settings = {ATTRIBUTES = (RemoveHeadersOnCopy, ); }; };
		8B6A3F8629AFAB080015F411 /* Prova Pong 4.mlmodel in Sources */ = {isa = PBXBuildFile; fileRef = 8B6A3F8529AFAB080015F411 /* Prova Pong 4.mlmodel */; };
		8BB645DF2910044E007E4469 /* ParthenoKit.xcframework in Frameworks */ = {isa = PBXBuildFile; fileRef = 8BB645DE2910044E007E4469 /* ParthenoKit.xcframework */; };
		8BB645E02910044E007E4469 /* ParthenoKit.xcframework in Embed Frameworks */ = {isa = PBXBuildFile; fileRef = 8BB645DE2910044E007E4469 /* ParthenoKit.xcframework */; settings = {ATTRIBUTES = (CodeSignOnCopy, RemoveHeadersOnCopy, ); }; };
		8BD93162291415D000B10DE3 /* colpo.mp3 in Resources */ = {isa = PBXBuildFile; fileRef = 8BD9315D291415D000B10DE3 /* colpo.mp3 */; };
		8BD93164291415D000B10DE3 /* Colpo2.mp3 in Resources */ = {isa = PBXBuildFile; fileRef = 8BD9315F291415D000B10DE3 /* Colpo2.mp3 */; };
		8BD93165291415D000B10DE3 /* mancato.mp3 in Resources */ = {isa = PBXBuildFile; fileRef = 8BD93160291415D000B10DE3 /* mancato.mp3 */; };
		8BD93166291415D000B10DE3 /* Colpo4.mp3 in Resources */ = {isa = PBXBuildFile; fileRef = 8BD93161291415D000B10DE3 /* Colpo4.mp3 */; };
		8BF69C1029AE76560085046A /* ViewModelPong.swift in Sources */ = {isa = PBXBuildFile; fileRef = 8BF69C0F29AE76560085046A /* ViewModelPong.swift */; };
		8BF69C1129AE76870085046A /* ViewModelPong.swift in Sources */ = {isa = PBXBuildFile; fileRef = 8BF69C0F29AE76560085046A /* ViewModelPong.swift */; };
/* End PBXBuildFile section */

/* Begin PBXContainerItemProxy section */
		8B6A3F8329AF8BF40015F411 /* PBXContainerItemProxy */ = {
			isa = PBXContainerItemProxy;
			containerPortal = 8B6422272909C81300D3EB2B /* Project object */;
			proxyType = 1;
			remoteGlobalIDString = 68B3671E29A8F69400E3A087;
			remoteInfo = "Virtual_Pong_WatchOS Watch App";
		};
/* End PBXContainerItemProxy section */

/* Begin PBXCopyFilesBuildPhase section */
		8BB645E12910044E007E4469 /* Embed Frameworks */ = {
			isa = PBXCopyFilesBuildPhase;
			buildActionMask = 2147483647;
			dstPath = "";
			dstSubfolderSpec = 10;
			files = (
				8BB645E02910044E007E4469 /* ParthenoKit.xcframework in Embed Frameworks */,
			);
			name = "Embed Frameworks";
			runOnlyForDeploymentPostprocessing = 0;
		};
		8BF10BDF29AF84CA007ADA62 /* Embed Watch Content */ = {
			isa = PBXCopyFilesBuildPhase;
			buildActionMask = 12;
			dstPath = "$(CONTENTS_FOLDER_PATH)/Watch";
			dstSubfolderSpec = 16;
			files = (
				8B6A3F8229AF8BF40015F411 /* Virtual_Pong_WatchOS Watch App.app in Embed Watch Content */,
			);
			name = "Embed Watch Content";
			runOnlyForDeploymentPostprocessing = 0;
		};
/* End PBXCopyFilesBuildPhase section */

/* Begin PBXFileReference section */
		16A0AD5129180644007B158E /* forte.wav */ = {isa = PBXFileReference; lastKnownFileType = audio.wav; name = forte.wav; path = ../../Suoni/forte.wav; sourceTree = "<group>"; };
		16A0AD532918064A007B158E /* lento.wav */ = {isa = PBXFileReference; lastKnownFileType = audio.wav; name = lento.wav; path = ../../Suoni/lento.wav; sourceTree = "<group>"; };
		16A0AD5529180652007B158E /* pop-39222.mp3 */ = {isa = PBXFileReference; lastKnownFileType = audio.mp3; name = "pop-39222.mp3"; path = "../../Suoni/pop-39222.mp3"; sourceTree = "<group>"; };
		16A0AD572918065C007B158E /* finePartita.mp3 */ = {isa = PBXFileReference; lastKnownFileType = audio.mp3; name = finePartita.mp3; path = ../../Suoni/finePartita.mp3; sourceTree = "<group>"; };
		16A0AD5929180664007B158E /* mioturno.mp3 */ = {isa = PBXFileReference; lastKnownFileType = audio.mp3; name = mioturno.mp3; path = ../../Suoni/mioturno.mp3; sourceTree = "<group>"; };
		16A0AD5B2918066F007B158E /* pop-94319.mp3 */ = {isa = PBXFileReference; lastKnownFileType = audio.mp3; name = "pop-94319.mp3"; path = "../../Suoni/pop-94319.mp3"; sourceTree = "<group>"; };
		16A0AD5D29180676007B158E /* lose.mp3 */ = {isa = PBXFileReference; lastKnownFileType = audio.mp3; name = lose.mp3; path = ../../Suoni/lose.mp3; sourceTree = "<group>"; };
		68B3671F29A8F69400E3A087 /* Virtual_Pong_WatchOS Watch App.app */ = {isa = PBXFileReference; explicitFileType = wrapper.application; includeInIndex = 0; path = "Virtual_Pong_WatchOS Watch App.app"; sourceTree = BUILT_PRODUCTS_DIR; };
		68B3672129A8F69400E3A087 /* Virtual_Pong_WatchOSApp.swift */ = {isa = PBXFileReference; lastKnownFileType = sourcecode.swift; path = Virtual_Pong_WatchOSApp.swift; sourceTree = "<group>"; };
		68B3672329A8F69400E3A087 /* ContentView.swift */ = {isa = PBXFileReference; lastKnownFileType = sourcecode.swift; name = ContentView.swift; path = "/Users/crescenzoesposito/Downloads/ProgettoGruppoC 2 2/progetto definitivo Virtual Pong/Virtual_Pong_WatchOS Watch App/ContentView.swift"; sourceTree = "<absolute>"; };
		68B3672529A8F69500E3A087 /* Assets.xcassets */ = {isa = PBXFileReference; lastKnownFileType = folder.assetcatalog; path = Assets.xcassets; sourceTree = "<group>"; };
		68B3672829A8F69500E3A087 /* Preview Assets.xcassets */ = {isa = PBXFileReference; lastKnownFileType = folder.assetcatalog; path = "Preview Assets.xcassets"; sourceTree = "<group>"; };
		68B3672D29A8FC7F00E3A087 /* UserConnectivityPong.swift */ = {isa = PBXFileReference; lastKnownFileType = sourcecode.swift; path = UserConnectivityPong.swift; sourceTree = "<group>"; };
		8B3DEE5029B0DBD800FB4799 /* VibrationView.swift */ = {isa = PBXFileReference; fileEncoding = 4; lastKnownFileType = sourcecode.swift; path = VibrationView.swift; sourceTree = "<group>"; };
		8B3DEE5529B0E06200FB4799 /* RilevamentoColpo.swift */ = {isa = PBXFileReference; lastKnownFileType = sourcecode.swift; path = RilevamentoColpo.swift; sourceTree = "<group>"; };
		8B3DEE5729B0F2DF00FB4799 /* Virtual_Ping_PongApp.swift */ = {isa = PBXFileReference; fileEncoding = 4; lastKnownFileType = sourcecode.swift; path = Virtual_Ping_PongApp.swift; sourceTree = "<group>"; };
		8B3DEE5829B0F2DF00FB4799 /* MatchView.swift */ = {isa = PBXFileReference; fileEncoding = 4; lastKnownFileType = sourcecode.swift; name = MatchView.swift; path = "/Users/crescenzoesposito/Downloads/ProgettoGruppoC 2 2/progetto definitivo Virtual Pong/../../progetto definitivo 2/Virtual Ping Pong/MatchView.swift"; sourceTree = "<absolute>"; };
		8B3DEE5929B0F2DF00FB4799 /* TrainingView.swift */ = {isa = PBXFileReference; fileEncoding = 4; lastKnownFileType = sourcecode.swift; name = TrainingView.swift; path = "../../../progetto definitivo 2/Virtual Ping Pong/TrainingView.swift"; sourceTree = "<group>"; };
		8B3DEE5A29B0F2DF00FB4799 /* DeviceView.swift */ = {isa = PBXFileReference; fileEncoding = 4; lastKnownFileType = sourcecode.swift; path = DeviceView.swift; sourceTree = "<group>"; };
		8B3DEE5B29B0F2DF00FB4799 /* ConnectView.swift */ = {isa = PBXFileReference; fileEncoding = 4; lastKnownFileType = sourcecode.swift; name = ConnectView.swift; path = "/Users/crescenzoesposito/Downloads/ProgettoGruppoC 2 2/progetto definitivo Virtual Pong/Virtual Ping Pong/../../../progetto definitivo 2/Virtual Ping Pong/ConnectView.swift"; sourceTree = "<absolute>"; };
		8B3DEE5C29B0F2DF00FB4799 /* Buttons.swift */ = {isa = PBXFileReference; fileEncoding = 4; lastKnownFileType = sourcecode.swift; name = Buttons.swift; path = "../../../progetto definitivo 2/Virtual Ping Pong/Buttons.swift"; sourceTree = "<group>"; };
		8B3DEE5D29B0F2DF00FB4799 /* ContentView.swift */ = {isa = PBXFileReference; fileEncoding = 4; lastKnownFileType = sourcecode.swift; name = ContentView.swift; path = "../../../progetto definitivo 2/Virtual Ping Pong/ContentView.swift"; sourceTree = "<group>"; };
		8B64222F2909C81300D3EB2B /* Virtual Ping Pong.app */ = {isa = PBXFileReference; explicitFileType = wrapper.application; includeInIndex = 0; path = "Virtual Ping Pong.app"; sourceTree = BUILT_PRODUCTS_DIR; };
		8B6422362909C81300D3EB2B /* Assets.xcassets */ = {isa = PBXFileReference; lastKnownFileType = folder.assetcatalog; path = Assets.xcassets; sourceTree = "<group>"; };
		8B6422392909C81300D3EB2B /* Preview Assets.xcassets */ = {isa = PBXFileReference; lastKnownFileType = folder.assetcatalog; path = "Preview Assets.xcassets"; sourceTree = "<group>"; };
		8B6A3F8529AFAB080015F411 /* Prova Pong 4.mlmodel */ = {isa = PBXFileReference; lastKnownFileType = file.mlmodel; path = "Prova Pong 4.mlmodel"; sourceTree = "<group>"; };
		8B6A3F8729AFACFE0015F411 /* Virtual_Pong_WatchOS Watch App.entitlements */ = {isa = PBXFileReference; lastKnownFileType = text.plist.entitlements; path = "Virtual_Pong_WatchOS Watch App.entitlements"; sourceTree = "<group>"; };
		8BB645DE2910044E007E4469 /* ParthenoKit.xcframework */ = {isa = PBXFileReference; lastKnownFileType = wrapper.xcframework; path = ParthenoKit.xcframework; sourceTree = "<group>"; };
		8BD9315D291415D000B10DE3 /* colpo.mp3 */ = {isa = PBXFileReference; lastKnownFileType = audio.mp3; name = colpo.mp3; path = ../../Suoni/colpo.mp3; sourceTree = "<group>"; };
		8BD9315F291415D000B10DE3 /* Colpo2.mp3 */ = {isa = PBXFileReference; lastKnownFileType = audio.mp3; name = Colpo2.mp3; path = ../../Suoni/Colpo2.mp3; sourceTree = "<group>"; };
		8BD93160291415D000B10DE3 /* mancato.mp3 */ = {isa = PBXFileReference; lastKnownFileType = audio.mp3; name = mancato.mp3; path = ../../Suoni/mancato.mp3; sourceTree = "<group>"; };
		8BD93161291415D000B10DE3 /* Colpo4.mp3 */ = {isa = PBXFileReference; lastKnownFileType = audio.mp3; name = Colpo4.mp3; path = ../../Suoni/Colpo4.mp3; sourceTree = "<group>"; };
		8BF10BE529AF8606007ADA62 /* Virtual-Pong-WatchOS-Watch-App-Info.plist */ = {isa = PBXFileReference; lastKnownFileType = text.plist.xml; path = "Virtual-Pong-WatchOS-Watch-App-Info.plist"; sourceTree = SOURCE_ROOT; };
		8BF69C0F29AE76560085046A /* ViewModelPong.swift */ = {isa = PBXFileReference; fileEncoding = 4; lastKnownFileType = sourcecode.swift; path = ViewModelPong.swift; sourceTree = "<group>"; };
/* End PBXFileReference section */

/* Begin PBXFrameworksBuildPhase section */
		68B3671C29A8F69400E3A087 /* Frameworks */ = {
			isa = PBXFrameworksBuildPhase;
			buildActionMask = 2147483647;
			files = (
			);
			runOnlyForDeploymentPostprocessing = 0;
		};
		8B64222C2909C81300D3EB2B /* Frameworks */ = {
			isa = PBXFrameworksBuildPhase;
			buildActionMask = 2147483647;
			files = (
				8BB645DF2910044E007E4469 /* ParthenoKit.xcframework in Frameworks */,
			);
			runOnlyForDeploymentPostprocessing = 0;
		};
/* End PBXFrameworksBuildPhase section */

/* Begin PBXGroup section */
		68B3672029A8F69400E3A087 /* Virtual_Pong_WatchOS Watch App */ = {
			isa = PBXGroup;
			children = (
				8B6A3F8729AFACFE0015F411 /* Virtual_Pong_WatchOS Watch App.entitlements */,
				8B6A3F8529AFAB080015F411 /* Prova Pong 4.mlmodel */,
				8B3DEE5029B0DBD800FB4799 /* VibrationView.swift */,
				8BF10BE529AF8606007ADA62 /* Virtual-Pong-WatchOS-Watch-App-Info.plist */,
				68B3672129A8F69400E3A087 /* Virtual_Pong_WatchOSApp.swift */,
				68B3672329A8F69400E3A087 /* ContentView.swift */,
				8B3DEE5529B0E06200FB4799 /* RilevamentoColpo.swift */,
				68B3672529A8F69500E3A087 /* Assets.xcassets */,
				68B3672729A8F69500E3A087 /* Preview Content */,
			);
			path = "Virtual_Pong_WatchOS Watch App";
			sourceTree = "<group>";
		};
		68B3672729A8F69500E3A087 /* Preview Content */ = {
			isa = PBXGroup;
			children = (
				68B3672829A8F69500E3A087 /* Preview Assets.xcassets */,
			);
			path = "Preview Content";
			sourceTree = "<group>";
		};
		8B39D7C1290ADF1A00C5BE1D /* Frameworks */ = {
			isa = PBXGroup;
			children = (
				8BB645DE2910044E007E4469 /* ParthenoKit.xcframework */,
			);
			name = Frameworks;
			sourceTree = "<group>";
		};
		8B6422262909C81300D3EB2B = {
			isa = PBXGroup;
			children = (
				8BB3500829B1F5AC00585052 /* Connectivity */,
				8B6422312909C81300D3EB2B /* Virtual Ping Pong */,
				68B3672029A8F69400E3A087 /* Virtual_Pong_WatchOS Watch App */,
				8B6422302909C81300D3EB2B /* Products */,
				8B39D7C1290ADF1A00C5BE1D /* Frameworks */,
			);
			sourceTree = "<group>";
		};
		8B6422302909C81300D3EB2B /* Products */ = {
			isa = PBXGroup;
			children = (
				8B64222F2909C81300D3EB2B /* Virtual Ping Pong.app */,
				68B3671F29A8F69400E3A087 /* Virtual_Pong_WatchOS Watch App.app */,
			);
			name = Products;
			sourceTree = "<group>";
		};
		8B6422312909C81300D3EB2B /* Virtual Ping Pong */ = {
			isa = PBXGroup;
			children = (
				8B3DEE5C29B0F2DF00FB4799 /* Buttons.swift */,
				8B3DEE5B29B0F2DF00FB4799 /* ConnectView.swift */,
				8B3DEE5D29B0F2DF00FB4799 /* ContentView.swift */,
				8B3DEE5A29B0F2DF00FB4799 /* DeviceView.swift */,
				8B3DEE5829B0F2DF00FB4799 /* MatchView.swift */,
				8B3DEE5929B0F2DF00FB4799 /* TrainingView.swift */,
				8B3DEE5729B0F2DF00FB4799 /* Virtual_Ping_PongApp.swift */,
				8BD9315D291415D000B10DE3 /* colpo.mp3 */,
				8BD9315F291415D000B10DE3 /* Colpo2.mp3 */,
				16A0AD5129180644007B158E /* forte.wav */,
				16A0AD5D29180676007B158E /* lose.mp3 */,
				16A0AD5529180652007B158E /* pop-39222.mp3 */,
				16A0AD5B2918066F007B158E /* pop-94319.mp3 */,
				16A0AD572918065C007B158E /* finePartita.mp3 */,
				16A0AD5929180664007B158E /* mioturno.mp3 */,
				16A0AD532918064A007B158E /* lento.wav */,
				8BD93161291415D000B10DE3 /* Colpo4.mp3 */,
				8BD93160291415D000B10DE3 /* mancato.mp3 */,
				8B6422362909C81300D3EB2B /* Assets.xcassets */,
				8B6422382909C81300D3EB2B /* Preview Content */,
			);
			path = "Virtual Ping Pong";
			sourceTree = "<group>";
		};
		8B6422382909C81300D3EB2B /* Preview Content */ = {
			isa = PBXGroup;
			children = (
				8B6422392909C81300D3EB2B /* Preview Assets.xcassets */,
			);
			path = "Preview Content";
			sourceTree = "<group>";
		};
		8BB3500829B1F5AC00585052 /* Connectivity */ = {
			isa = PBXGroup;
			children = (
				8BF69C0F29AE76560085046A /* ViewModelPong.swift */,
				68B3672D29A8FC7F00E3A087 /* UserConnectivityPong.swift */,
			);
			path = Connectivity;
			sourceTree = "<group>";
		};
/* End PBXGroup section */

/* Begin PBXNativeTarget section */
		68B3671E29A8F69400E3A087 /* Virtual_Pong_WatchOS Watch App */ = {
			isa = PBXNativeTarget;
			buildConfigurationList = 68B3672A29A8F69500E3A087 /* Build configuration list for PBXNativeTarget "Virtual_Pong_WatchOS Watch App" */;
			buildPhases = (
				68B3671B29A8F69400E3A087 /* Sources */,
				68B3671C29A8F69400E3A087 /* Frameworks */,
				68B3671D29A8F69400E3A087 /* Resources */,
			);
			buildRules = (
			);
			dependencies = (
			);
			name = "Virtual_Pong_WatchOS Watch App";
			productName = "Virtual_Pong_WatchOS Watch App";
			productReference = 68B3671F29A8F69400E3A087 /* Virtual_Pong_WatchOS Watch App.app */;
			productType = "com.apple.product-type.application";
		};
		8B64222E2909C81300D3EB2B /* Virtual Ping Pong */ = {
			isa = PBXNativeTarget;
			buildConfigurationList = 8B64223D2909C81300D3EB2B /* Build configuration list for PBXNativeTarget "Virtual Ping Pong" */;
			buildPhases = (
				8B64222B2909C81300D3EB2B /* Sources */,
				8BB645E12910044E007E4469 /* Embed Frameworks */,
				8B64222C2909C81300D3EB2B /* Frameworks */,
				8B64222D2909C81300D3EB2B /* Resources */,
				8BF10BDF29AF84CA007ADA62 /* Embed Watch Content */,
			);
			buildRules = (
			);
			dependencies = (
				8B6A3F8429AF8BF40015F411 /* PBXTargetDependency */,
			);
			name = "Virtual Ping Pong";
			productName = "Virtual Ping Pong";
			productReference = 8B64222F2909C81300D3EB2B /* Virtual Ping Pong.app */;
			productType = "com.apple.product-type.application";
		};
/* End PBXNativeTarget section */

/* Begin PBXProject section */
		8B6422272909C81300D3EB2B /* Project object */ = {
			isa = PBXProject;
			attributes = {
				BuildIndependentTargetsInParallel = 1;
				LastSwiftUpdateCheck = 1420;
				LastUpgradeCheck = 1400;
				TargetAttributes = {
					68B3671E29A8F69400E3A087 = {
						CreatedOnToolsVersion = 14.2;
					};
					8B64222E2909C81300D3EB2B = {
						CreatedOnToolsVersion = 14.0.1;
					};
				};
			};
			buildConfigurationList = 8B64222A2909C81300D3EB2B /* Build configuration list for PBXProject "Virtual Ping Pong" */;
			compatibilityVersion = "Xcode 14.0";
			developmentRegion = en;
			hasScannedForEncodings = 0;
			knownRegions = (
				en,
				Base,
			);
			mainGroup = 8B6422262909C81300D3EB2B;
			productRefGroup = 8B6422302909C81300D3EB2B /* Products */;
			projectDirPath = "";
			projectRoot = "";
			targets = (
				8B64222E2909C81300D3EB2B /* Virtual Ping Pong */,
				68B3671E29A8F69400E3A087 /* Virtual_Pong_WatchOS Watch App */,
			);
		};
/* End PBXProject section */

/* Begin PBXResourcesBuildPhase section */
		68B3671D29A8F69400E3A087 /* Resources */ = {
			isa = PBXResourcesBuildPhase;
			buildActionMask = 2147483647;
			files = (
				68B3672929A8F69500E3A087 /* Preview Assets.xcassets in Resources */,
				68B3672629A8F69500E3A087 /* Assets.xcassets in Resources */,
			);
			runOnlyForDeploymentPostprocessing = 0;
		};
		8B64222D2909C81300D3EB2B /* Resources */ = {
			isa = PBXResourcesBuildPhase;
			buildActionMask = 2147483647;
			files = (
				8BD93162291415D000B10DE3 /* colpo.mp3 in Resources */,
				16A0AD5629180652007B158E /* pop-39222.mp3 in Resources */,
				8BD93166291415D000B10DE3 /* Colpo4.mp3 in Resources */,
				8B64223A2909C81300D3EB2B /* Preview Assets.xcassets in Resources */,
				16A0AD5A29180664007B158E /* mioturno.mp3 in Resources */,
				8B6422372909C81300D3EB2B /* Assets.xcassets in Resources */,
				16A0AD542918064B007B158E /* lento.wav in Resources */,
				8BD93165291415D000B10DE3 /* mancato.mp3 in Resources */,
				8BD93164291415D000B10DE3 /* Colpo2.mp3 in Resources */,
				16A0AD5C2918066F007B158E /* pop-94319.mp3 in Resources */,
				16A0AD582918065C007B158E /* finePartita.mp3 in Resources */,
				16A0AD5229180644007B158E /* forte.wav in Resources */,
				16A0AD5E29180676007B158E /* lose.mp3 in Resources */,
			);
			runOnlyForDeploymentPostprocessing = 0;
		};
/* End PBXResourcesBuildPhase section */

/* Begin PBXSourcesBuildPhase section */
		68B3671B29A8F69400E3A087 /* Sources */ = {
			isa = PBXSourcesBuildPhase;
			buildActionMask = 2147483647;
			files = (
				68B3672E29A8FC7F00E3A087 /* UserConnectivityPong.swift in Sources */,
				8B3DEE5329B0DBD800FB4799 /* VibrationView.swift in Sources */,
				68B3673529A9108F00E3A087 /* ContentView.swift in Sources */,
				8B3DEE5629B0E06200FB4799 /* RilevamentoColpo.swift in Sources */,
				8B6A3F8629AFAB080015F411 /* Prova Pong 4.mlmodel in Sources */,
				8BF69C1029AE76560085046A /* ViewModelPong.swift in Sources */,
				68B3672229A8F69400E3A087 /* Virtual_Pong_WatchOSApp.swift in Sources */,
			);
			runOnlyForDeploymentPostprocessing = 0;
		};
		8B64222B2909C81300D3EB2B /* Sources */ = {
			isa = PBXSourcesBuildPhase;
			buildActionMask = 2147483647;
			files = (
				8BF69C1129AE76870085046A /* ViewModelPong.swift in Sources */,
				8B3DEE6229B0F2DF00FB4799 /* ConnectView.swift in Sources */,
				68B3673729A9152500E3A087 /* UserConnectivityPong.swift in Sources */,
				8B3DEE6129B0F2DF00FB4799 /* DeviceView.swift in Sources */,
				8B3DEE6029B0F2DF00FB4799 /* TrainingView.swift in Sources */,
				8B3DEE6429B0F2DF00FB4799 /* ContentView.swift in Sources */,
				8B3DEE5F29B0F2DF00FB4799 /* MatchView.swift in Sources */,
				8B3DEE5E29B0F2DF00FB4799 /* Virtual_Ping_PongApp.swift in Sources */,
				8B3DEE6329B0F2DF00FB4799 /* Buttons.swift in Sources */,
			);
			runOnlyForDeploymentPostprocessing = 0;
		};
/* End PBXSourcesBuildPhase section */

/* Begin PBXTargetDependency section */
		8B6A3F8429AF8BF40015F411 /* PBXTargetDependency */ = {
			isa = PBXTargetDependency;
			target = 68B3671E29A8F69400E3A087 /* Virtual_Pong_WatchOS Watch App */;
			targetProxy = 8B6A3F8329AF8BF40015F411 /* PBXContainerItemProxy */;
		};
/* End PBXTargetDependency section */

/* Begin XCBuildConfiguration section */
		68B3672B29A8F69500E3A087 /* Debug */ = {
			isa = XCBuildConfiguration;
			buildSettings = {
				ASSETCATALOG_COMPILER_APPICON_NAME = AppIcon;
				ASSETCATALOG_COMPILER_GLOBAL_ACCENT_COLOR_NAME = AccentColor;
				CODE_SIGN_ENTITLEMENTS = "Virtual_Pong_WatchOS Watch App/Virtual_Pong_WatchOS Watch App.entitlements";
				CODE_SIGN_STYLE = Automatic;
				CURRENT_PROJECT_VERSION = 1;
				DEVELOPMENT_ASSET_PATHS = "";
				DEVELOPMENT_TEAM = Y6LL5TJ537;
				ENABLE_PREVIEWS = YES;
				GENERATE_INFOPLIST_FILE = YES;
				INFOPLIST_FILE = "Virtual-Pong-WatchOS-Watch-App-Info.plist";
				INFOPLIST_KEY_CFBundleDisplayName = Virtual_Pong_WatchOS;
				INFOPLIST_KEY_NSHealthShareUsageDescription = "Virtual-Pong-WatchOS-Watch-App-Info.plist";
				INFOPLIST_KEY_NSHealthUpdateUsageDescription = "Virtual-Pong-WatchOS-Watch-App-Info.plist";
				INFOPLIST_KEY_UISupportedInterfaceOrientations = "UIInterfaceOrientationPortrait UIInterfaceOrientationPortraitUpsideDown";
				INFOPLIST_KEY_WKCompanionAppBundleIdentifier = it.pnope.VirtualPingPong14;
				INFOPLIST_KEY_WKRunsIndependentlyOfCompanionApp = NO;
				LD_RUNPATH_SEARCH_PATHS = (
					"$(inherited)",
					"@executable_path/Frameworks",
				);
				MARKETING_VERSION = 1.0;
				PRODUCT_BUNDLE_IDENTIFIER = it.pnope.VirtualPingPong14.watchkitapp;
				PRODUCT_NAME = "$(TARGET_NAME)";
				SDKROOT = watchos;
				SKIP_INSTALL = YES;
				SWIFT_EMIT_LOC_STRINGS = YES;
				SWIFT_VERSION = 5.0;
				TARGETED_DEVICE_FAMILY = 4;
				WATCHOS_DEPLOYMENT_TARGET = 9.1;
			};
			name = Debug;
		};
		68B3672C29A8F69500E3A087 /* Release */ = {
			isa = XCBuildConfiguration;
			buildSettings = {
				ASSETCATALOG_COMPILER_APPICON_NAME = AppIcon;
				ASSETCATALOG_COMPILER_GLOBAL_ACCENT_COLOR_NAME = AccentColor;
				CODE_SIGN_ENTITLEMENTS = "Virtual_Pong_WatchOS Watch App/Virtual_Pong_WatchOS Watch App.entitlements";
				CODE_SIGN_STYLE = Automatic;
				CURRENT_PROJECT_VERSION = 1;
				DEVELOPMENT_ASSET_PATHS = "";
				DEVELOPMENT_TEAM = Y6LL5TJ537;
				ENABLE_PREVIEWS = YES;
				GENERATE_INFOPLIST_FILE = YES;
				INFOPLIST_FILE = "Virtual-Pong-WatchOS-Watch-App-Info.plist";
				INFOPLIST_KEY_CFBundleDisplayName = Virtual_Pong_WatchOS;
				INFOPLIST_KEY_NSHealthShareUsageDescription = "Virtual-Pong-WatchOS-Watch-App-Info.plist";
				INFOPLIST_KEY_NSHealthUpdateUsageDescription = "Virtual-Pong-WatchOS-Watch-App-Info.plist";
				INFOPLIST_KEY_UISupportedInterfaceOrientations = "UIInterfaceOrientationPortrait UIInterfaceOrientationPortraitUpsideDown";
				INFOPLIST_KEY_WKCompanionAppBundleIdentifier = it.pnope.VirtualPingPong14;
				INFOPLIST_KEY_WKRunsIndependentlyOfCompanionApp = NO;
				LD_RUNPATH_SEARCH_PATHS = (
					"$(inherited)",
					"@executable_path/Frameworks",
				);
				MARKETING_VERSION = 1.0;
				PRODUCT_BUNDLE_IDENTIFIER = it.pnope.VirtualPingPong14.watchkitapp;
				PRODUCT_NAME = "$(TARGET_NAME)";
				SDKROOT = watchos;
				SKIP_INSTALL = YES;
				SWIFT_EMIT_LOC_STRINGS = YES;
				SWIFT_VERSION = 5.0;
				TARGETED_DEVICE_FAMILY = 4;
				WATCHOS_DEPLOYMENT_TARGET = 9.1;
			};
			name = Release;
		};
		8B64223B2909C81300D3EB2B /* Debug */ = {
			isa = XCBuildConfiguration;
			buildSettings = {
				ALWAYS_SEARCH_USER_PATHS = NO;
				CLANG_ANALYZER_NONNULL = YES;
				CLANG_ANALYZER_NUMBER_OBJECT_CONVERSION = YES_AGGRESSIVE;
				CLANG_CXX_LANGUAGE_STANDARD = "gnu++20";
				CLANG_ENABLE_MODULES = YES;
				CLANG_ENABLE_OBJC_ARC = YES;
				CLANG_ENABLE_OBJC_WEAK = YES;
				CLANG_WARN_BLOCK_CAPTURE_AUTORELEASING = YES;
				CLANG_WARN_BOOL_CONVERSION = YES;
				CLANG_WARN_COMMA = YES;
				CLANG_WARN_CONSTANT_CONVERSION = YES;
				CLANG_WARN_DEPRECATED_OBJC_IMPLEMENTATIONS = YES;
				CLANG_WARN_DIRECT_OBJC_ISA_USAGE = YES_ERROR;
				CLANG_WARN_DOCUMENTATION_COMMENTS = YES;
				CLANG_WARN_EMPTY_BODY = YES;
				CLANG_WARN_ENUM_CONVERSION = YES;
				CLANG_WARN_INFINITE_RECURSION = YES;
				CLANG_WARN_INT_CONVERSION = YES;
				CLANG_WARN_NON_LITERAL_NULL_CONVERSION = YES;
				CLANG_WARN_OBJC_IMPLICIT_RETAIN_SELF = YES;
				CLANG_WARN_OBJC_LITERAL_CONVERSION = YES;
				CLANG_WARN_OBJC_ROOT_CLASS = YES_ERROR;
				CLANG_WARN_QUOTED_INCLUDE_IN_FRAMEWORK_HEADER = YES;
				CLANG_WARN_RANGE_LOOP_ANALYSIS = YES;
				CLANG_WARN_STRICT_PROTOTYPES = YES;
				CLANG_WARN_SUSPICIOUS_MOVE = YES;
				CLANG_WARN_UNGUARDED_AVAILABILITY = YES_AGGRESSIVE;
				CLANG_WARN_UNREACHABLE_CODE = YES;
				CLANG_WARN__DUPLICATE_METHOD_MATCH = YES;
				COPY_PHASE_STRIP = NO;
				DEBUG_INFORMATION_FORMAT = dwarf;
				ENABLE_STRICT_OBJC_MSGSEND = YES;
				ENABLE_TESTABILITY = YES;
				GCC_C_LANGUAGE_STANDARD = gnu11;
				GCC_DYNAMIC_NO_PIC = NO;
				GCC_NO_COMMON_BLOCKS = YES;
				GCC_OPTIMIZATION_LEVEL = 0;
				GCC_PREPROCESSOR_DEFINITIONS = (
					"DEBUG=1",
					"$(inherited)",
				);
				GCC_WARN_64_TO_32_BIT_CONVERSION = YES;
				GCC_WARN_ABOUT_RETURN_TYPE = YES_ERROR;
				GCC_WARN_UNDECLARED_SELECTOR = YES;
				GCC_WARN_UNINITIALIZED_AUTOS = YES_AGGRESSIVE;
				GCC_WARN_UNUSED_FUNCTION = YES;
				GCC_WARN_UNUSED_VARIABLE = YES;
				IPHONEOS_DEPLOYMENT_TARGET = 16.1;
				MTL_ENABLE_DEBUG_INFO = INCLUDE_SOURCE;
				MTL_FAST_MATH = YES;
				ONLY_ACTIVE_ARCH = YES;
				SDKROOT = iphoneos;
				SWIFT_ACTIVE_COMPILATION_CONDITIONS = DEBUG;
				SWIFT_OPTIMIZATION_LEVEL = "-Onone";
			};
			name = Debug;
		};
		8B64223C2909C81300D3EB2B /* Release */ = {
			isa = XCBuildConfiguration;
			buildSettings = {
				ALWAYS_SEARCH_USER_PATHS = NO;
				CLANG_ANALYZER_NONNULL = YES;
				CLANG_ANALYZER_NUMBER_OBJECT_CONVERSION = YES_AGGRESSIVE;
				CLANG_CXX_LANGUAGE_STANDARD = "gnu++20";
				CLANG_ENABLE_MODULES = YES;
				CLANG_ENABLE_OBJC_ARC = YES;
				CLANG_ENABLE_OBJC_WEAK = YES;
				CLANG_WARN_BLOCK_CAPTURE_AUTORELEASING = YES;
				CLANG_WARN_BOOL_CONVERSION = YES;
				CLANG_WARN_COMMA = YES;
				CLANG_WARN_CONSTANT_CONVERSION = YES;
				CLANG_WARN_DEPRECATED_OBJC_IMPLEMENTATIONS = YES;
				CLANG_WARN_DIRECT_OBJC_ISA_USAGE = YES_ERROR;
				CLANG_WARN_DOCUMENTATION_COMMENTS = YES;
				CLANG_WARN_EMPTY_BODY = YES;
				CLANG_WARN_ENUM_CONVERSION = YES;
				CLANG_WARN_INFINITE_RECURSION = YES;
				CLANG_WARN_INT_CONVERSION = YES;
				CLANG_WARN_NON_LITERAL_NULL_CONVERSION = YES;
				CLANG_WARN_OBJC_IMPLICIT_RETAIN_SELF = YES;
				CLANG_WARN_OBJC_LITERAL_CONVERSION = YES;
				CLANG_WARN_OBJC_ROOT_CLASS = YES_ERROR;
				CLANG_WARN_QUOTED_INCLUDE_IN_FRAMEWORK_HEADER = YES;
				CLANG_WARN_RANGE_LOOP_ANALYSIS = YES;
				CLANG_WARN_STRICT_PROTOTYPES = YES;
				CLANG_WARN_SUSPICIOUS_MOVE = YES;
				CLANG_WARN_UNGUARDED_AVAILABILITY = YES_AGGRESSIVE;
				CLANG_WARN_UNREACHABLE_CODE = YES;
				CLANG_WARN__DUPLICATE_METHOD_MATCH = YES;
				COPY_PHASE_STRIP = NO;
				DEBUG_INFORMATION_FORMAT = "dwarf-with-dsym";
				ENABLE_NS_ASSERTIONS = NO;
				ENABLE_STRICT_OBJC_MSGSEND = YES;
				GCC_C_LANGUAGE_STANDARD = gnu11;
				GCC_NO_COMMON_BLOCKS = YES;
				GCC_WARN_64_TO_32_BIT_CONVERSION = YES;
				GCC_WARN_ABOUT_RETURN_TYPE = YES_ERROR;
				GCC_WARN_UNDECLARED_SELECTOR = YES;
				GCC_WARN_UNINITIALIZED_AUTOS = YES_AGGRESSIVE;
				GCC_WARN_UNUSED_FUNCTION = YES;
				GCC_WARN_UNUSED_VARIABLE = YES;
				IPHONEOS_DEPLOYMENT_TARGET = 16.1;
				MTL_ENABLE_DEBUG_INFO = NO;
				MTL_FAST_MATH = YES;
				SDKROOT = iphoneos;
				SWIFT_COMPILATION_MODE = wholemodule;
				SWIFT_OPTIMIZATION_LEVEL = "-O";
				VALIDATE_PRODUCT = YES;
			};
			name = Release;
		};
		8B64223E2909C81300D3EB2B /* Debug */ = {
			isa = XCBuildConfiguration;
			buildSettings = {
				ASSETCATALOG_COMPILER_APPICON_NAME = AppIcon;
				ASSETCATALOG_COMPILER_GLOBAL_ACCENT_COLOR_NAME = AccentColor;
				CODE_SIGN_STYLE = Automatic;
				CURRENT_PROJECT_VERSION = 1;
				DEVELOPMENT_ASSET_PATHS = "Virtual\\ Ping\\ Pong/Preview\\ Content";
				DEVELOPMENT_TEAM = Y6LL5TJ537;
				ENABLE_PREVIEWS = YES;
				GENERATE_INFOPLIST_FILE = YES;
				INFOPLIST_KEY_UIApplicationSceneManifest_Generation = YES;
				INFOPLIST_KEY_UIApplicationSupportsIndirectInputEvents = YES;
				INFOPLIST_KEY_UILaunchScreen_Generation = YES;
				INFOPLIST_KEY_UISupportedInterfaceOrientations_iPad = "UIInterfaceOrientationPortrait UIInterfaceOrientationPortraitUpsideDown UIInterfaceOrientationLandscapeLeft UIInterfaceOrientationLandscapeRight";
				INFOPLIST_KEY_UISupportedInterfaceOrientations_iPhone = "UIInterfaceOrientationPortrait UIInterfaceOrientationLandscapeLeft UIInterfaceOrientationLandscapeRight";
				IPHONEOS_DEPLOYMENT_TARGET = 16.0;
				LD_RUNPATH_SEARCH_PATHS = (
					"$(inherited)",
					"@executable_path/Frameworks",
				);
				MARKETING_VERSION = 1.0;
				PRODUCT_BUNDLE_IDENTIFIER = it.pnope.VirtualPingPong14;
				PRODUCT_NAME = "$(TARGET_NAME)";
				SWIFT_EMIT_LOC_STRINGS = YES;
				SWIFT_VERSION = 5.0;
				TARGETED_DEVICE_FAMILY = "1,2";
			};
			name = Debug;
		};
		8B64223F2909C81300D3EB2B /* Release */ = {
			isa = XCBuildConfiguration;
			buildSettings = {
				ASSETCATALOG_COMPILER_APPICON_NAME = AppIcon;
				ASSETCATALOG_COMPILER_GLOBAL_ACCENT_COLOR_NAME = AccentColor;
				CODE_SIGN_STYLE = Automatic;
				CURRENT_PROJECT_VERSION = 1;
				DEVELOPMENT_ASSET_PATHS = "Virtual\\ Ping\\ Pong/Preview\\ Content";
				DEVELOPMENT_TEAM = Y6LL5TJ537;
				ENABLE_PREVIEWS = YES;
				GENERATE_INFOPLIST_FILE = YES;
				INFOPLIST_KEY_UIApplicationSceneManifest_Generation = YES;
				INFOPLIST_KEY_UIApplicationSupportsIndirectInputEvents = YES;
				INFOPLIST_KEY_UILaunchScreen_Generation = YES;
				INFOPLIST_KEY_UISupportedInterfaceOrientations_iPad = "UIInterfaceOrientationPortrait UIInterfaceOrientationPortraitUpsideDown UIInterfaceOrientationLandscapeLeft UIInterfaceOrientationLandscapeRight";
				INFOPLIST_KEY_UISupportedInterfaceOrientations_iPhone = "UIInterfaceOrientationPortrait UIInterfaceOrientationLandscapeLeft UIInterfaceOrientationLandscapeRight";
				IPHONEOS_DEPLOYMENT_TARGET = 16.0;
				LD_RUNPATH_SEARCH_PATHS = (
					"$(inherited)",
					"@executable_path/Frameworks",
				);
				MARKETING_VERSION = 1.0;
				PRODUCT_BUNDLE_IDENTIFIER = it.pnope.VirtualPingPong14;
				PRODUCT_NAME = "$(TARGET_NAME)";
				SWIFT_EMIT_LOC_STRINGS = YES;
				SWIFT_VERSION = 5.0;
				TARGETED_DEVICE_FAMILY = "1,2";
			};
			name = Release;
		};
/* End XCBuildConfiguration section */

/* Begin XCConfigurationList section */
		68B3672A29A8F69500E3A087 /* Build configuration list for PBXNativeTarget "Virtual_Pong_WatchOS Watch App" */ = {
			isa = XCConfigurationList;
			buildConfigurations = (
				68B3672B29A8F69500E3A087 /* Debug */,
				68B3672C29A8F69500E3A087 /* Release */,
			);
			defaultConfigurationIsVisible = 0;
			defaultConfigurationName = Release;
		};
		8B64222A2909C81300D3EB2B /* Build configuration list for PBXProject "Virtual Ping Pong" */ = {
			isa = XCConfigurationList;
			buildConfigurations = (
				8B64223B2909C81300D3EB2B /* Debug */,
				8B64223C2909C81300D3EB2B /* Release */,
			);
			defaultConfigurationIsVisible = 0;
			defaultConfigurationName = Release;
		};
		8B64223D2909C81300D3EB2B /* Build configuration list for PBXNativeTarget "Virtual Ping Pong" */ = {
			isa = XCConfigurationList;
			buildConfigurations = (
				8B64223E2909C81300D3EB2B /* Debug */,
				8B64223F2909C81300D3EB2B /* Release */,
			);
			defaultConfigurationIsVisible = 0;
			defaultConfigurationName = Release;
		};
/* End XCConfigurationList section */
	};
	rootObject = 8B6422272909C81300D3EB2B /* Project object */;
}
